
Microsoft Visual Studio Solution File, Format Version 12.00
# Visual Studio Version 17
VisualStudioVersion = 17.9.34723.18
MinimumVisualStudioVersion = 10.0.40219.1
Project("{FAE04EC0-301F-11D3-BF4B-00C04F79EFBC}") = "MyApp.Presentation", "MyApp.Presentation\MyApp.Presentation.csproj", "{57D4070B-A247-4B8B-BE32-F0D62CA27ABE}"
EndProject
Project("{FAE04EC0-301F-11D3-BF4B-00C04F79EFBC}") = "MyApp.Data", "MyApp.Data\MyApp.Data.csproj", "{C966BB85-B472-40F3-A6DE-9222B8DA6A53}"
EndProject
Global
	GlobalSection(SolutionConfigurationPlatforms) = preSolution
		Debug|Any CPU = Debug|Any CPU
		Release|Any CPU = Release|Any CPU
	EndGlobalSection
	GlobalSection(ProjectConfigurationPlatforms) = postSolution
		{57D4070B-A247-4B8B-BE32-F0D62CA27ABE}.Debug|Any CPU.ActiveCfg = Debug|Any CPU
		{57D4070B-A247-4B8B-BE32-F0D62CA27ABE}.Debug|Any CPU.Build.0 = Debug|Any CPU
		{57D4070B-A247-4B8B-BE32-F0D62CA27ABE}.Release|Any CPU.ActiveCfg = Release|Any CPU
		{57D4070B-A247-4B8B-BE32-F0D62CA27ABE}.Release|Any CPU.Build.0 = Release|Any CPU
		{C966BB85-B472-40F3-A6DE-9222B8DA6A53}.Debug|Any CPU.ActiveCfg = Debug|Any CPU
		{C966BB85-B472-40F3-A6DE-9222B8DA6A53}.Debug|Any CPU.Build.0 = Debug|Any CPU
		{C966BB85-B472-40F3-A6DE-9222B8DA6A53}.Release|Any CPU.ActiveCfg = Release|Any CPU
		{C966BB85-B472-40F3-A6DE-9222B8DA6A53}.Release|Any CPU.Build.0 = Release|Any CPU
	EndGlobalSection
	GlobalSection(SolutionProperties) = preSolution
		HideSolutionNode = FALSE
	EndGlobalSection
	GlobalSection(ExtensibilityGlobals) = postSolution
		SolutionGuid = {D1B644FE-6E02-47E9-BC8A-7595DF88B9E5}
	EndGlobalSection
EndGlobal
