
Microsoft Visual Studio Solution File, Format Version 12.00
# Visual Studio Version 17
VisualStudioVersion = 17.9.34723.18
MinimumVisualStudioVersion = 10.0.40219.1
Project("{FAE04EC0-301F-11D3-BF4B-00C04F79EFBC}") = "Lesson4EntityRelationship", "Lesson4EntityRelationship\Lesson4EntityRelationship.csproj", "{7B7C7F4E-6C78-4053-9790-D5512CE25E4D}"
EndProject
Global
	GlobalSection(SolutionConfigurationPlatforms) = preSolution
		Debug|Any CPU = Debug|Any CPU
		Release|Any CPU = Release|Any CPU
	EndGlobalSection
	GlobalSection(ProjectConfigurationPlatforms) = postSolution
		{7B7C7F4E-6C78-4053-9790-D5512CE25E4D}.Debug|Any CPU.ActiveCfg = Debug|Any CPU
		{7B7C7F4E-6C78-4053-9790-D5512CE25E4D}.Debug|Any CPU.Build.0 = Debug|Any CPU
		{7B7C7F4E-6C78-4053-9790-D5512CE25E4D}.Release|Any CPU.ActiveCfg = Release|Any CPU
		{7B7C7F4E-6C78-4053-9790-D5512CE25E4D}.Release|Any CPU.Build.0 = Release|Any CPU
	EndGlobalSection
	GlobalSection(SolutionProperties) = preSolution
		HideSolutionNode = FALSE
	EndGlobalSection
	GlobalSection(ExtensibilityGlobals) = postSolution
		SolutionGuid = {CDE8E4D3-7860-4B47-8D58-F40AC642F532}
	EndGlobalSection
EndGlobal
