
Microsoft Visual Studio Solution File, Format Version 12.00
# Visual Studio Version 17
VisualStudioVersion = 17.9.34723.18
MinimumVisualStudioVersion = 10.0.40219.1
Project("{FAE04EC0-301F-11D3-BF4B-00C04F79EFBC}") = "Lesson2CodeFIrstExample", "Lesson2CodeFIrstExample\Lesson2CodeFIrstExample.csproj", "{565F815F-DB0C-4CD2-95A3-0CF236554156}"
EndProject
Global
	GlobalSection(SolutionConfigurationPlatforms) = preSolution
		Debug|Any CPU = Debug|Any CPU
		Release|Any CPU = Release|Any CPU
	EndGlobalSection
	GlobalSection(ProjectConfigurationPlatforms) = postSolution
		{565F815F-DB0C-4CD2-95A3-0CF236554156}.Debug|Any CPU.ActiveCfg = Debug|Any CPU
		{565F815F-DB0C-4CD2-95A3-0CF236554156}.Debug|Any CPU.Build.0 = Debug|Any CPU
		{565F815F-DB0C-4CD2-95A3-0CF236554156}.Release|Any CPU.ActiveCfg = Release|Any CPU
		{565F815F-DB0C-4CD2-95A3-0CF236554156}.Release|Any CPU.Build.0 = Release|Any CPU
	EndGlobalSection
	GlobalSection(SolutionProperties) = preSolution
		HideSolutionNode = FALSE
	EndGlobalSection
	GlobalSection(ExtensibilityGlobals) = postSolution
		SolutionGuid = {45230712-FC24-4ED2-B53E-37F22EF847A3}
	EndGlobalSection
EndGlobal
