
Microsoft Visual Studio Solution File, Format Version 12.00
# Visual Studio Version 17
VisualStudioVersion = 17.9.34723.18
MinimumVisualStudioVersion = 10.0.40219.1
Project("{FAE04EC0-301F-11D3-BF4B-00C04F79EFBC}") = "Lesson3CodeFirst", "Lesson3CodeFirst\Lesson3CodeFirst.csproj", "{DF486533-281E-4CD3-807C-620CE5C07C0A}"
EndProject
Global
	GlobalSection(SolutionConfigurationPlatforms) = preSolution
		Debug|Any CPU = Debug|Any CPU
		Release|Any CPU = Release|Any CPU
	EndGlobalSection
	GlobalSection(ProjectConfigurationPlatforms) = postSolution
		{DF486533-281E-4CD3-807C-620CE5C07C0A}.Debug|Any CPU.ActiveCfg = Debug|Any CPU
		{DF486533-281E-4CD3-807C-620CE5C07C0A}.Debug|Any CPU.Build.0 = Debug|Any CPU
		{DF486533-281E-4CD3-807C-620CE5C07C0A}.Release|Any CPU.ActiveCfg = Release|Any CPU
		{DF486533-281E-4CD3-807C-620CE5C07C0A}.Release|Any CPU.Build.0 = Release|Any CPU
	EndGlobalSection
	GlobalSection(SolutionProperties) = preSolution
		HideSolutionNode = FALSE
	EndGlobalSection
	GlobalSection(ExtensibilityGlobals) = postSolution
		SolutionGuid = {92E82B84-00A4-43E4-9C67-9288E47393F3}
	EndGlobalSection
EndGlobal
