
Microsoft Visual Studio Solution File, Format Version 12.00
# Visual Studio Version 17
VisualStudioVersion = 17.9.34723.18
MinimumVisualStudioVersion = 10.0.40219.1
Project("{FAE04EC0-301F-11D3-BF4B-00C04F79EFBC}") = "Lesson5EagerLazyLoading", "Lesson5EagerLazyLoading\Lesson5EagerLazyLoading.csproj", "{6BC73CC5-30CF-4D29-B138-A291C080F59F}"
EndProject
Global
	GlobalSection(SolutionConfigurationPlatforms) = preSolution
		Debug|Any CPU = Debug|Any CPU
		Release|Any CPU = Release|Any CPU
	EndGlobalSection
	GlobalSection(ProjectConfigurationPlatforms) = postSolution
		{6BC73CC5-30CF-4D29-B138-A291C080F59F}.Debug|Any CPU.ActiveCfg = Debug|Any CPU
		{6BC73CC5-30CF-4D29-B138-A291C080F59F}.Debug|Any CPU.Build.0 = Debug|Any CPU
		{6BC73CC5-30CF-4D29-B138-A291C080F59F}.Release|Any CPU.ActiveCfg = Release|Any CPU
		{6BC73CC5-30CF-4D29-B138-A291C080F59F}.Release|Any CPU.Build.0 = Release|Any CPU
	EndGlobalSection
	GlobalSection(SolutionProperties) = preSolution
		HideSolutionNode = FALSE
	EndGlobalSection
	GlobalSection(ExtensibilityGlobals) = postSolution
		SolutionGuid = {E8140B87-E3E9-4C22-B4FE-1CD121BAD0F9}
	EndGlobalSection
EndGlobal
