
Microsoft Visual Studio Solution File, Format Version 12.00
# Visual Studio Version 17
VisualStudioVersion = 17.9.34723.18
MinimumVisualStudioVersion = 10.0.40219.1
Project("{FAE04EC0-301F-11D3-BF4B-00C04F79EFBC}") = "Lesson1AdoNet", "Lesson1AdoNet\Lesson1AdoNet.csproj", "{3ABA3EA8-F27D-49D0-94D8-BCC679837874}"
EndProject
Global
	GlobalSection(SolutionConfigurationPlatforms) = preSolution
		Debug|Any CPU = Debug|Any CPU
		Release|Any CPU = Release|Any CPU
	EndGlobalSection
	GlobalSection(ProjectConfigurationPlatforms) = postSolution
		{3ABA3EA8-F27D-49D0-94D8-BCC679837874}.Debug|Any CPU.ActiveCfg = Debug|Any CPU
		{3ABA3EA8-F27D-49D0-94D8-BCC679837874}.Debug|Any CPU.Build.0 = Debug|Any CPU
		{3ABA3EA8-F27D-49D0-94D8-BCC679837874}.Release|Any CPU.ActiveCfg = Release|Any CPU
		{3ABA3EA8-F27D-49D0-94D8-BCC679837874}.Release|Any CPU.Build.0 = Release|Any CPU
	EndGlobalSection
	GlobalSection(SolutionProperties) = preSolution
		HideSolutionNode = FALSE
	EndGlobalSection
	GlobalSection(ExtensibilityGlobals) = postSolution
		SolutionGuid = {3C303089-DD4B-4131-9A01-654B9763EE27}
	EndGlobalSection
EndGlobal
