
Microsoft Visual Studio Solution File, Format Version 12.00
# Visual Studio Version 17
VisualStudioVersion = 17.9.34723.18
MinimumVisualStudioVersion = 10.0.40219.1
Project("{FAE04EC0-301F-11D3-BF4B-00C04F79EFBC}") = "Lesson1ADONETIntroConnectedMode", "Lesson1ADONETIntroConnectedMode\Lesson1ADONETIntroConnectedMode.csproj", "{9CE7DF1F-427C-4DD8-873C-7D11979D35DA}"
EndProject
Global
	GlobalSection(SolutionConfigurationPlatforms) = preSolution
		Debug|Any CPU = Debug|Any CPU
		Release|Any CPU = Release|Any CPU
	EndGlobalSection
	GlobalSection(ProjectConfigurationPlatforms) = postSolution
		{9CE7DF1F-427C-4DD8-873C-7D11979D35DA}.Debug|Any CPU.ActiveCfg = Debug|Any CPU
		{9CE7DF1F-427C-4DD8-873C-7D11979D35DA}.Debug|Any CPU.Build.0 = Debug|Any CPU
		{9CE7DF1F-427C-4DD8-873C-7D11979D35DA}.Release|Any CPU.ActiveCfg = Release|Any CPU
		{9CE7DF1F-427C-4DD8-873C-7D11979D35DA}.Release|Any CPU.Build.0 = Release|Any CPU
	EndGlobalSection
	GlobalSection(SolutionProperties) = preSolution
		HideSolutionNode = FALSE
	EndGlobalSection
	GlobalSection(ExtensibilityGlobals) = postSolution
		SolutionGuid = {E2D6A0EA-3ED5-495A-B014-8A7937EED63C}
	EndGlobalSection
EndGlobal
